# THIS IS AN AUTOGENERATED FILE. DO NOT EDIT THIS FILE DIRECTLY.
# yarn lockfile v1


"@aws-crypto/crc32@5.2.0":
  version "5.2.0"
  resolved "https://registry.yarnpkg.com/@aws-crypto/crc32/-/crc32-5.2.0.tgz#cfcc22570949c98c6689cfcbd2d693d36cdae2e1"
  integrity sha512-nLbCWqQNgUiwwtFsen1AdzAtvuLRsQS8rYgMuxCrdKf9kOssamGLuPwyTY9wyYblNr9+1XM8v6zoDTPPSIeANg==
  dependencies:
    "@aws-crypto/util" "^5.2.0"
    "@aws-sdk/types" "^3.222.0"
    tslib "^2.6.2"

"@aws-crypto/crc32c@5.2.0":
  version "5.2.0"
  resolved "https://registry.yarnpkg.com/@aws-crypto/crc32c/-/crc32c-5.2.0.tgz#4e34aab7f419307821509a98b9b08e84e0c1917e"
  integrity sha512-+iWb8qaHLYKrNvGRbiYRHSdKRWhto5XlZUEBwDjYNf+ly5SVYG6zEoYIdxvf5R3zyeP16w4PLBn3rH1xc74Rag==
  dependencies:
    "@aws-crypto/util" "^5.2.0"
    "@aws-sdk/types" "^3.222.0"
    tslib "^2.6.2"

"@aws-crypto/sha1-browser@5.2.0":
  version "5.2.0"
  resolved "https://registry.yarnpkg.com/@aws-crypto/sha1-browser/-/sha1-browser-5.2.0.tgz#b0ee2d2821d3861f017e965ef3b4cb38e3b6a0f4"
  integrity sha512-OH6lveCFfcDjX4dbAvCFSYUjJZjDr/3XJ3xHtjn3Oj5b9RjojQo8npoLeA/bNwkOkrSQ0wgrHzXk4tDRxGKJeg==
  dependencies:
    "@aws-crypto/supports-web-crypto" "^5.2.0"
    "@aws-crypto/util" "^5.2.0"
    "@aws-sdk/types" "^3.222.0"
    "@aws-sdk/util-locate-window" "^3.0.0"
    "@smithy/util-utf8" "^2.0.0"
    tslib "^2.6.2"

"@aws-crypto/sha256-browser@5.2.0":
  version "5.2.0"
  resolved "https://registry.yarnpkg.com/@aws-crypto/sha256-browser/-/sha256-browser-5.2.0.tgz#153895ef1dba6f9fce38af550e0ef58988eb649e"
  integrity sha512-AXfN/lGotSQwu6HNcEsIASo7kWXZ5HYWvfOmSNKDsEqC4OashTp8alTmaz+F7TC2L083SFv5RdB+qU3Vs1kZqw==
  dependencies:
    "@aws-crypto/sha256-js" "^5.2.0"
    "@aws-crypto/supports-web-crypto" "^5.2.0"
    "@aws-crypto/util" "^5.2.0"
    "@aws-sdk/types" "^3.222.0"
    "@aws-sdk/util-locate-window" "^3.0.0"
    "@smithy/util-utf8" "^2.0.0"
    tslib "^2.6.2"

"@aws-crypto/sha256-js@5.2.0", "@aws-crypto/sha256-js@^5.2.0":
  version "5.2.0"
  resolved "https://registry.yarnpkg.com/@aws-crypto/sha256-js/-/sha256-js-5.2.0.tgz#c4fdb773fdbed9a664fc1a95724e206cf3860042"
  integrity sha512-FFQQyu7edu4ufvIZ+OadFpHHOt+eSTBaYaki44c+akjg7qZg9oOQeLlk77F6tSYqjDAFClrHJk9tMf0HdVyOvA==
  dependencies:
    "@aws-crypto/util" "^5.2.0"
    "@aws-sdk/types" "^3.222.0"
    tslib "^2.6.2"

"@aws-crypto/supports-web-crypto@^5.2.0":
  version "5.2.0"
  resolved "https://registry.yarnpkg.com/@aws-crypto/supports-web-crypto/-/supports-web-crypto-5.2.0.tgz#a1e399af29269be08e695109aa15da0a07b5b5fb"
  integrity sha512-iAvUotm021kM33eCdNfwIN//F77/IADDSs58i+MDaOqFrVjZo9bAal0NK7HurRuWLLpF1iLX7gbWrjHjeo+YFg==
  dependencies:
    tslib "^2.6.2"

"@aws-crypto/util@5.2.0", "@aws-crypto/util@^5.2.0":
  version "5.2.0"
  resolved "https://registry.yarnpkg.com/@aws-crypto/util/-/util-5.2.0.tgz#71284c9cffe7927ddadac793c14f14886d3876da"
  integrity sha512-4RkU9EsI6ZpBve5fseQlGNUWKMa1RLPQ1dnjnQoe07ldfIzcsGb5hC5W0Dm7u423KWzawlrpbjXBrXCEv9zazQ==
  dependencies:
    "@aws-sdk/types" "^3.222.0"
    "@smithy/util-utf8" "^2.0.0"
    tslib "^2.6.2"

"@aws-sdk/client-s3@^3.1046.0":
  version "3.1046.0"
  resolved "https://registry.yarnpkg.com/@aws-sdk/client-s3/-/client-s3-3.1046.0.tgz#7d4541a58d7eeaf6fb16c7e2b9a5267845ead46d"
  integrity sha512-Cwl2SPm0CLczqNLEW2AZR9G/W+Jap85K7uUVOTRHzG3pErVeYRKOnbzsbAqGHnSYBdaxZ9a58YVaWj67P8tF4w==
  dependencies:
    "@aws-crypto/sha1-browser" "5.2.0"
    "@aws-crypto/sha256-browser" "5.2.0"
    "@aws-crypto/sha256-js" "5.2.0"
    "@aws-sdk/core" "^3.974.9"
    "@aws-sdk/credential-provider-node" "^3.972.40"
    "@aws-sdk/middleware-bucket-endpoint" "^3.972.11"
    "@aws-sdk/middleware-expect-continue" "^3.972.11"
    "@aws-sdk/middleware-flexible-checksums" "^3.974.17"
    "@aws-sdk/middleware-host-header" "^3.972.11"
    "@aws-sdk/middleware-location-constraint" "^3.972.10"
    "@aws-sdk/middleware-logger" "^3.972.10"
    "@aws-sdk/middleware-recursion-detection" "^3.972.12"
    "@aws-sdk/middleware-sdk-s3" "^3.972.38"
    "@aws-sdk/middleware-ssec" "^3.972.10"
    "@aws-sdk/middleware-user-agent" "^3.972.39"
    "@aws-sdk/region-config-resolver" "^3.972.14"
    "@aws-sdk/signature-v4-multi-region" "^3.996.26"
    "@aws-sdk/types" "^3.973.8"
    "@aws-sdk/util-endpoints" "^3.996.9"
    "@aws-sdk/util-user-agent-browser" "^3.972.11"
    "@aws-sdk/util-user-agent-node" "^3.973.25"
    "@smithy/core" "^3.24.1"
    "@smithy/fetch-http-handler" "^5.4.1"
    "@smithy/node-http-handler" "^4.7.1"
    "@smithy/types" "^4.14.1"
    tslib "^2.6.2"

"@aws-sdk/core@^3.974.9":
  version "3.974.9"
  resolved "https://registry.yarnpkg.com/@aws-sdk/core/-/core-3.974.9.tgz#7030263245078a5e84bf575f45818a7a5ba0df0b"
  integrity sha512-bXxosFunr+v/kqNb99r1NRkrVBha7CG036fRSpWGbC1A/e363XFQN6wcZMx7MYTdRr1tYwNnkrWX2xc1rT3BCQ==
  dependencies:
    "@aws-sdk/types" "^3.973.8"
    "@aws-sdk/xml-builder" "^3.972.23"
    "@smithy/core" "^3.24.1"
    "@smithy/signature-v4" "^5.4.1"
    "@smithy/types" "^4.14.1"
    tslib "^2.6.2"

"@aws-sdk/crc64-nvme@^3.972.8":
  version "3.972.8"
  resolved "https://registry.yarnpkg.com/@aws-sdk/crc64-nvme/-/crc64-nvme-3.972.8.tgz#47e2ab559e881c0bdabff178a62ed4249f3fc1a8"
  integrity sha512-fVfUCL/Xh2zINYMPZvj+iBn6XWouQf0DAnjaWCI9MkmqXzL2Iy5FoQB8O7syFe6gN6AH1ecDDU58T51Ou0kFkA==
  dependencies:
    "@smithy/types" "^4.14.1"
    tslib "^2.6.2"

"@aws-sdk/credential-provider-env@^3.972.35":
  version "3.972.35"
  resolved "https://registry.yarnpkg.com/@aws-sdk/credential-provider-env/-/credential-provider-env-3.972.35.tgz#a7a3e8a9b36ead5e5be1ece585add8596c71f5ee"
  integrity sha512-WkFQ8BedszVomhh/Zzs8WwnE/XBmTqZjoQVB8u/4zH6kZCjouXZpPpb93gD8m0EZmzAl7dxHE/y+yDpuKzNCMw==
  dependencies:
    "@aws-sdk/core" "^3.974.9"
    "@aws-sdk/types" "^3.973.8"
    "@smithy/core" "^3.24.1"
    "@smithy/types" "^4.14.1"
    tslib "^2.6.2"

"@aws-sdk/credential-provider-http@^3.972.37":
  version "3.972.37"
  resolved "https://registry.yarnpkg.com/@aws-sdk/credential-provider-http/-/credential-provider-http-3.972.37.tgz#c2457bcc2c1f85d542e4d56463333809a788e79a"
  integrity sha512-ylx0ZJTU+2eNcvXQ69VNR3TVSYa/ibpvdK717/NxqR9aXRMn2QRWZaiI8aa5yY/fOWZ5mknSmxGaVxxtdwv3EA==
  dependencies:
    "@aws-sdk/core" "^3.974.9"
    "@aws-sdk/types" "^3.973.8"
    "@smithy/core" "^3.24.1"
    "@smithy/fetch-http-handler" "^5.4.1"
    "@smithy/node-http-handler" "^4.7.1"
    "@smithy/types" "^4.14.1"
    tslib "^2.6.2"

"@aws-sdk/credential-provider-ini@^3.972.39":
  version "3.972.39"
  resolved "https://registry.yarnpkg.com/@aws-sdk/credential-provider-ini/-/credential-provider-ini-3.972.39.tgz#9dd247ff984b20b167abf26db3fdc912bb0d5e98"
  integrity sha512-QhRSrdkk+Gq0AFIylpiI0N6lcJqFYV9Jtr4Luz5FpYOYbjJSfyTG6iLhnK/UPIgN1Jnon8WAmSC//16XYGvwkA==
  dependencies:
    "@aws-sdk/core" "^3.974.9"
    "@aws-sdk/credential-provider-env" "^3.972.35"
    "@aws-sdk/credential-provider-http" "^3.972.37"
    "@aws-sdk/credential-provider-login" "^3.972.39"
    "@aws-sdk/credential-provider-process" "^3.972.35"
    "@aws-sdk/credential-provider-sso" "^3.972.39"
    "@aws-sdk/credential-provider-web-identity" "^3.972.39"
    "@aws-sdk/nested-clients" "^3.997.7"
    "@aws-sdk/types" "^3.973.8"
    "@smithy/core" "^3.24.1"
    "@smithy/credential-provider-imds" "^4.3.1"
    "@smithy/types" "^4.14.1"
    tslib "^2.6.2"

"@aws-sdk/credential-provider-login@^3.972.39":
  version "3.972.39"
  resolved "https://registry.yarnpkg.com/@aws-sdk/credential-provider-login/-/credential-provider-login-3.972.39.tgz#ebe2351eaf09239ea3e5e5ae995095d48f0444ea"
  integrity sha512-1hU0NtC04QbFIuoBuF4aQ2A97GsSE5/A0ZJpDijwexsBREIQ4KPRYl3v/FfKCPBYsaTeGjkOFx5nLhWHY24LOw==
  dependencies:
    "@aws-sdk/core" "^3.974.9"
    "@aws-sdk/nested-clients" "^3.997.7"
    "@aws-sdk/types" "^3.973.8"
    "@smithy/core" "^3.24.1"
    "@smithy/types" "^4.14.1"
    tslib "^2.6.2"

"@aws-sdk/credential-provider-node@^3.972.40":
  version "3.972.40"
  resolved "https://registry.yarnpkg.com/@aws-sdk/credential-provider-node/-/credential-provider-node-3.972.40.tgz#8030dd2603e12decd8327864ab699ff3b907818c"
  integrity sha512-ZgrQaGkpyTlVSCCsffzijVg+KgftTAWYvI5Otc36J/4jNiHb+7MmBiJIR0a5AHLvifC92PiYHt5pijP0dswd1w==
  dependencies:
    "@aws-sdk/credential-provider-env" "^3.972.35"
    "@aws-sdk/credential-provider-http" "^3.972.37"
    "@aws-sdk/credential-provider-ini" "^3.972.39"
    "@aws-sdk/credential-provider-process" "^3.972.35"
    "@aws-sdk/credential-provider-sso" "^3.972.39"
    "@aws-sdk/credential-provider-web-identity" "^3.972.39"
    "@aws-sdk/types" "^3.973.8"
    "@smithy/core" "^3.24.1"
    "@smithy/credential-provider-imds" "^4.3.1"
    "@smithy/types" "^4.14.1"
    tslib "^2.6.2"

"@aws-sdk/credential-provider-process@^3.972.35":
  version "3.972.35"
  resolved "https://registry.yarnpkg.com/@aws-sdk/credential-provider-process/-/credential-provider-process-3.972.35.tgz#7a9e6e351d36b77a3bb7f774e7f25dbb4f8a397d"
  integrity sha512-hNj1rAwZWT1vfz54BwH8FUWxZuqStrM25Q5LEIwn2erHPMRVAjLlpZqEbCEEqS99eEEOhdeetnS0WeNa3iYeEQ==
  dependencies:
    "@aws-sdk/core" "^3.974.9"
    "@aws-sdk/types" "^3.973.8"
    "@smithy/core" "^3.24.1"
    "@smithy/types" "^4.14.1"
    tslib "^2.6.2"

"@aws-sdk/credential-provider-sso@^3.972.39":
  version "3.972.39"
  resolved "https://registry.yarnpkg.com/@aws-sdk/credential-provider-sso/-/credential-provider-sso-3.972.39.tgz#8fe2ff17646c029966d60784bdbe37bae8d2044d"
  integrity sha512-mwIPNPldyCZkvHozb6E0X/vuQLN1UCjcA6MwUf1gaO7EwghCmuNZXatq0L3zptKFvPC4Nds7+WFUkifI1XmbSw==
  dependencies:
    "@aws-sdk/core" "^3.974.9"
    "@aws-sdk/nested-clients" "^3.997.7"
    "@aws-sdk/token-providers" "3.1046.0"
    "@aws-sdk/types" "^3.973.8"
    "@smithy/core" "^3.24.1"
    "@smithy/types" "^4.14.1"
    tslib "^2.6.2"

"@aws-sdk/credential-provider-web-identity@^3.972.39":
  version "3.972.39"
  resolved "https://registry.yarnpkg.com/@aws-sdk/credential-provider-web-identity/-/credential-provider-web-identity-3.972.39.tgz#70454570d5def22b031911477db5c9aeb49ecfdc"
  integrity sha512-b9HT8CnpyPVn1hU14Q7ihjwSPlRzToYmRYJxRd5jNHEZ43lrIhoLaTT8JmfQQt5j5M8rTX1iN1X8mvu0SM1dXA==
  dependencies:
    "@aws-sdk/core" "^3.974.9"
    "@aws-sdk/nested-clients" "^3.997.7"
    "@aws-sdk/types" "^3.973.8"
    "@smithy/core" "^3.24.1"
    "@smithy/types" "^4.14.1"
    tslib "^2.6.2"

"@aws-sdk/middleware-bucket-endpoint@^3.972.11":
  version "3.972.11"
  resolved "https://registry.yarnpkg.com/@aws-sdk/middleware-bucket-endpoint/-/middleware-bucket-endpoint-3.972.11.tgz#066137642fcc66db863446c1cbe0f9805cb893fc"
  integrity sha512-AhVDn+qObNacklqmBABnFa3YfVk08CzksuuecL/x+lo95dZxXuAkqJZLUsAEKQ3EiDd5E9wTUBjh0cSogmKMYA==
  dependencies:
    "@aws-sdk/core" "^3.974.9"
    "@aws-sdk/types" "^3.973.8"
    "@smithy/core" "^3.24.1"
    "@smithy/types" "^4.14.1"
    tslib "^2.6.2"

"@aws-sdk/middleware-expect-continue@^3.972.11":
  version "3.972.11"
  resolved "https://registry.yarnpkg.com/@aws-sdk/middleware-expect-continue/-/middleware-expect-continue-3.972.11.tgz#0032f71381e720a6540263225dfd6b81ef3d9278"
  integrity sha512-xpobcctR1AHSrvkiArgTyLffn78Lt9unPMpa/yic9RKn+bOf/5M55UIM6RaPL5xKzI06/GSsTDywTWvzEAbyyw==
  dependencies:
    "@aws-sdk/types" "^3.973.8"
    "@smithy/core" "^3.24.1"
    "@smithy/types" "^4.14.1"
    tslib "^2.6.2"

"@aws-sdk/middleware-flexible-checksums@^3.974.17":
  version "3.974.17"
  resolved "https://registry.yarnpkg.com/@aws-sdk/middleware-flexible-checksums/-/middleware-flexible-checksums-3.974.17.tgz#de2633bb3720202ae699fef6e0b17051ae6c47cf"
  integrity sha512-Js24a6sdH9SU5DI5++nlQJayCuOweiiTjnCcAsY75/JtaXF+xysDQ6nRBYx6pUPNY22viRYmdDTFZDaA9AF46g==
  dependencies:
    "@aws-crypto/crc32" "5.2.0"
    "@aws-crypto/crc32c" "5.2.0"
    "@aws-crypto/util" "5.2.0"
    "@aws-sdk/core" "^3.974.9"
    "@aws-sdk/crc64-nvme" "^3.972.8"
    "@aws-sdk/types" "^3.973.8"
    "@smithy/core" "^3.24.1"
    "@smithy/types" "^4.14.1"
    tslib "^2.6.2"

"@aws-sdk/middleware-host-header@^3.972.11":
  version "3.972.11"
  resolved "https://registry.yarnpkg.com/@aws-sdk/middleware-host-header/-/middleware-host-header-3.972.11.tgz#222152cc6631e79298b122275c5f9b37cf706478"
  integrity sha512-CBC6+tVYaOJo7QXgN1zJ4Ba2f3/Cpy4eRViYFimXW/O5Mn8hBmgXXzHu4vy4ubT80YWnp8aCFygr7dTOa14yQg==
  dependencies:
    "@aws-sdk/types" "^3.973.8"
    "@smithy/core" "^3.24.1"
    "@smithy/types" "^4.14.1"
    tslib "^2.6.2"

"@aws-sdk/middleware-location-constraint@^3.972.10":
  version "3.972.10"
  resolved "https://registry.yarnpkg.com/@aws-sdk/middleware-location-constraint/-/middleware-location-constraint-3.972.10.tgz#5265ea472f735c50b016bb5d1b46c7a616653733"
  integrity sha512-rI3NZvJcEvjoD0+0PI0iUAwlPw2IlSlhyvgBK/3WkKJQE/YiKFedd9dMN2lVacdNxPNhxL/jzQaKQdrGtQagjQ==
  dependencies:
    "@aws-sdk/types" "^3.973.8"
    "@smithy/types" "^4.14.1"
    tslib "^2.6.2"

"@aws-sdk/middleware-logger@^3.972.10":
  version "3.972.10"
  resolved "https://registry.yarnpkg.com/@aws-sdk/middleware-logger/-/middleware-logger-3.972.10.tgz#d92b3374dcaddd523930bdff441207946343c270"
  integrity sha512-OOuGvvz1Dm20SjZo5oEBePFqxt5nf8AwkNDSyUHvD9/bfNASmstcYxFAHUowy4n6Io7mWUZ04JURZwSBvyQanQ==
  dependencies:
    "@aws-sdk/types" "^3.973.8"
    "@smithy/types" "^4.14.1"
    tslib "^2.6.2"

"@aws-sdk/middleware-recursion-detection@^3.972.12":
  version "3.972.12"
  resolved "https://registry.yarnpkg.com/@aws-sdk/middleware-recursion-detection/-/middleware-recursion-detection-3.972.12.tgz#b91cf1b3cf9e06900eb5069624fc99c333cfe1b5"
  integrity sha512-5eltYxKB4MfdQv7/VhWxRbAVQKow5dz9votRFigTYrWJHMQXwLMltlbk7KFWSZh5NDBySfmjT7Jv/DWfYCmDng==
  dependencies:
    "@aws-sdk/types" "^3.973.8"
    "@aws/lambda-invoke-store" "^0.2.2"
    "@smithy/core" "^3.24.1"
    "@smithy/types" "^4.14.1"
    tslib "^2.6.2"

"@aws-sdk/middleware-sdk-s3@^3.972.38":
  version "3.972.38"
  resolved "https://registry.yarnpkg.com/@aws-sdk/middleware-sdk-s3/-/middleware-sdk-s3-3.972.38.tgz#46fd665d8c80ec28736fe28813dab63e2ea0e1f0"
  integrity sha512-Yuv3urkJtd1/b3kIURzHwihc1SV6n1t+uiXffOD2OpylZ7+4/QnO2W73yhLZzK1Z762BaqwQ3IVRqAHWzNbQ4A==
  dependencies:
    "@aws-sdk/core" "^3.974.9"
    "@aws-sdk/signature-v4-multi-region" "^3.996.26"
    "@aws-sdk/types" "^3.973.8"
    "@smithy/core" "^3.24.1"
    "@smithy/signature-v4" "^5.4.1"
    "@smithy/types" "^4.14.1"
    tslib "^2.6.2"

"@aws-sdk/middleware-ssec@^3.972.10":
  version "3.972.10"
  resolved "https://registry.yarnpkg.com/@aws-sdk/middleware-ssec/-/middleware-ssec-3.972.10.tgz#46b5c030c0116f51110e18042ad3cf863ab5c81c"
  integrity sha512-Gli9A0u8EVVb+5bFDGS/QbSVg28w/wpEidg1ggVcSj65BDTdGR6punsOcVjqdiu1i42WHWo51MCvARPIIz9juw==
  dependencies:
    "@aws-sdk/types" "^3.973.8"
    "@smithy/types" "^4.14.1"
    tslib "^2.6.2"

"@aws-sdk/middleware-user-agent@^3.972.39":
  version "3.972.39"
  resolved "https://registry.yarnpkg.com/@aws-sdk/middleware-user-agent/-/middleware-user-agent-3.972.39.tgz#ba788d4715951f24660bf8e1dd5301b8cfe45915"
  integrity sha512-MlNSvNsSVlMKKWaCzA0GP1nS4Cuq3WCXUN1vmMvd+Ctztib5kmRcpmTtKx9kikN8szAc+gcdp7uqJJervV2nQg==
  dependencies:
    "@aws-sdk/core" "^3.974.9"
    "@aws-sdk/types" "^3.973.8"
    "@aws-sdk/util-endpoints" "^3.996.9"
    "@smithy/core" "^3.24.1"
    "@smithy/types" "^4.14.1"
    tslib "^2.6.2"

"@aws-sdk/nested-clients@^3.997.7":
  version "3.997.7"
  resolved "https://registry.yarnpkg.com/@aws-sdk/nested-clients/-/nested-clients-3.997.7.tgz#2f5835f5d3cb2356cf7e8dc9e99f44b0d0efdfde"
  integrity sha512-jT2AXOODobQfTYGC2SChMSnZ/voIcRV/LHlY1suyhY1bdgP/voKkhEg8Ci1jiGQ4lBiaso5BEAV3ZWWpPTfmYA==
  dependencies:
    "@aws-crypto/sha256-browser" "5.2.0"
    "@aws-crypto/sha256-js" "5.2.0"
    "@aws-sdk/core" "^3.974.9"
    "@aws-sdk/middleware-host-header" "^3.972.11"
    "@aws-sdk/middleware-logger" "^3.972.10"
    "@aws-sdk/middleware-recursion-detection" "^3.972.12"
    "@aws-sdk/middleware-user-agent" "^3.972.39"
    "@aws-sdk/region-config-resolver" "^3.972.14"
    "@aws-sdk/signature-v4-multi-region" "^3.996.26"
    "@aws-sdk/types" "^3.973.8"
    "@aws-sdk/util-endpoints" "^3.996.9"
    "@aws-sdk/util-user-agent-browser" "^3.972.11"
    "@aws-sdk/util-user-agent-node" "^3.973.25"
    "@smithy/core" "^3.24.1"
    "@smithy/fetch-http-handler" "^5.4.1"
    "@smithy/node-http-handler" "^4.7.1"
    "@smithy/types" "^4.14.1"
    tslib "^2.6.2"

"@aws-sdk/region-config-resolver@^3.972.14":
  version "3.972.14"
  resolved "https://registry.yarnpkg.com/@aws-sdk/region-config-resolver/-/region-config-resolver-3.972.14.tgz#3b757186423c0ed990172a0628307528704baa55"
  integrity sha512-VuLXVmm7+lKVxqFcOItPkXhjbJ02iUfxkxheRu41SfWf6/xrZup2A2SwHZos/LeQGu3SBHeqTQht80Uo3ienPA==
  dependencies:
    "@aws-sdk/types" "^3.973.8"
    "@smithy/core" "^3.24.1"
    "@smithy/types" "^4.14.1"
    tslib "^2.6.2"

"@aws-sdk/signature-v4-multi-region@^3.996.26":
  version "3.996.26"
  resolved "https://registry.yarnpkg.com/@aws-sdk/signature-v4-multi-region/-/signature-v4-multi-region-3.996.26.tgz#a207d2739fcc64dce16ebb744e0f0b970b32d18c"
  integrity sha512-2N62veqdMZBCwQUHsbhtnaovOFjOa5Dn3dAD1nRqFTUXR4QmirT3HZnfus/L1DS08Vm5CkoKmL0iMVt6YbqEag==
  dependencies:
    "@aws-sdk/types" "^3.973.8"
    "@smithy/core" "^3.24.1"
    "@smithy/signature-v4" "^5.4.1"
    "@smithy/types" "^4.14.1"
    tslib "^2.6.2"

"@aws-sdk/token-providers@3.1046.0":
  version "3.1046.0"
  resolved "https://registry.yarnpkg.com/@aws-sdk/token-providers/-/token-providers-3.1046.0.tgz#66935393af8883b4146b90d4d612e12ea4f73eb4"
  integrity sha512-9je8nZt+ntB8IjhpGNayU/AkBgvq/f4aFO2bH1LSNC5JX6K8zY4LUnr/ymqunePrwq+B5OVBpL7ILjYzMFSZAw==
  dependencies:
    "@aws-sdk/core" "^3.974.9"
    "@aws-sdk/nested-clients" "^3.997.7"
    "@aws-sdk/types" "^3.973.8"
    "@smithy/core" "^3.24.1"
    "@smithy/types" "^4.14.1"
    tslib "^2.6.2"

"@aws-sdk/types@^3.222.0", "@aws-sdk/types@^3.973.8":
  version "3.973.8"
  resolved "https://registry.yarnpkg.com/@aws-sdk/types/-/types-3.973.8.tgz#7352cb74a5f8bae1218eee63e714cf94302911c5"
  integrity sha512-gjlAdtHMbtR9X5iIhVUvbVcy55KnznpC6bkDUWW9z915bi0ckdUr5cjf16Kp6xq0bP5HBD2xzgbL9F9Quv5vUw==
  dependencies:
    "@smithy/types" "^4.14.1"
    tslib "^2.6.2"

"@aws-sdk/util-endpoints@^3.996.9":
  version "3.996.9"
  resolved "https://registry.yarnpkg.com/@aws-sdk/util-endpoints/-/util-endpoints-3.996.9.tgz#3434e8e76011ba05a124947c277ef9eca8a67c65"
  integrity sha512-ibx8Vd73rCTHekNGeXX8cpGWoBKbNAlwKHL3yjSxxttu5QnNDaSAM7/0MFYDjU31/F4lyrPoQcGirT0ew61xcg==
  dependencies:
    "@aws-sdk/types" "^3.973.8"
    "@smithy/core" "^3.24.1"
    "@smithy/types" "^4.14.1"
    tslib "^2.6.2"

"@aws-sdk/util-locate-window@^3.0.0":
  version "3.965.5"
  resolved "https://registry.yarnpkg.com/@aws-sdk/util-locate-window/-/util-locate-window-3.965.5.tgz#e30e6ff2aff6436209ed42c765dec2d2a48df7c0"
  integrity sha512-WhlJNNINQB+9qtLtZJcpQdgZw3SCDCpXdUJP7cToGwHbCWCnRckGlc6Bx/OhWwIYFNAn+FIydY8SZ0QmVu3xTQ==
  dependencies:
    tslib "^2.6.2"

"@aws-sdk/util-user-agent-browser@^3.972.11":
  version "3.972.11"
  resolved "https://registry.yarnpkg.com/@aws-sdk/util-user-agent-browser/-/util-user-agent-browser-3.972.11.tgz#9215b5931643711d06080e9568be9180992fe916"
  integrity sha512-kq3RS6XQtHMrLFShbkem6h+8fxazB3jEIsbMC6aaSInOciRGE+eGAqTgJ+obO7Euo/pjM8thVqLiLISEH9X9DA==
  dependencies:
    "@aws-sdk/types" "^3.973.8"
    "@smithy/types" "^4.14.1"
    bowser "^2.11.0"
    tslib "^2.6.2"

"@aws-sdk/util-user-agent-node@^3.973.25":
  version "3.973.25"
  resolved "https://registry.yarnpkg.com/@aws-sdk/util-user-agent-node/-/util-user-agent-node-3.973.25.tgz#2c87625063637f53f951457f7d1de177dd95f25a"
  integrity sha512-066hKH/0nvV7x4ofV/iK9kz8r/qNfcR6rzuEOFqI2vQL/fcTTsDAbTw0jmXkyMzANK8ltQdALj19ns3zuOJiUw==
  dependencies:
    "@aws-sdk/middleware-user-agent" "^3.972.39"
    "@aws-sdk/types" "^3.973.8"
    "@smithy/core" "^3.24.1"
    "@smithy/types" "^4.14.1"
    tslib "^2.6.2"

"@aws-sdk/xml-builder@^3.972.23":
  version "3.972.23"
  resolved "https://registry.yarnpkg.com/@aws-sdk/xml-builder/-/xml-builder-3.972.23.tgz#0edf0e1c1b4812880b3349cd3a845b7a55817ae6"
  integrity sha512-A0YmgYFv+hTI9c17Ntvd2hSehm9bmJfkb+ggADBwVKA8H/3+Jx94SzR2qOB9bAA9WFeDqnfz9PKKQ+D+YAKomA==
  dependencies:
    "@nodable/entities" "2.1.0"
    "@smithy/types" "^4.14.1"
    fast-xml-parser "5.7.2"
    tslib "^2.6.2"

"@aws/lambda-invoke-store@^0.2.2":
  version "0.2.4"
  resolved "https://registry.yarnpkg.com/@aws/lambda-invoke-store/-/lambda-invoke-store-0.2.4.tgz#802f6a50f6b6589063ef63ba8acdee86fcb9f395"
  integrity sha512-iY8yvjE0y651BixKNPgmv1WrQc+GZ142sb0z4gYnChDDY2YqI4P/jsSopBWrKfAt7LOJAkOXt7rC/hms+WclQQ==

"@nodable/entities@2.1.0", "@nodable/entities@^2.1.0":
  version "2.1.0"
  resolved "https://registry.yarnpkg.com/@nodable/entities/-/entities-2.1.0.tgz#f543e5c6446720d4cf9e498a83019dd159973bc2"
  integrity sha512-nyT7T3nbMyBI/lvr6L5TyWbFJAI9FTgVRakNoBqCD+PmID8DzFrrNdLLtHMwMszOtqZa8PAOV24ZqDnQrhQINA==

"@smithy/core@^3.24.1", "@smithy/core@^3.24.2":
  version "3.24.2"
  resolved "https://registry.yarnpkg.com/@smithy/core/-/core-3.24.2.tgz#38ae63b029ac5afa156ebd0bfd203bdc3966dd9f"
  integrity sha512-IKS7qX59fAGCYBmt5JChcDswQDupZqT2Yn2ZBA3UgTlsjRNNkQzZobbn95xoAAdtTyJmBiJB3Y02qR3rgy3Zog==
  dependencies:
    "@aws-crypto/crc32" "5.2.0"
    "@smithy/types" "^4.14.1"
    tslib "^2.6.2"

"@smithy/credential-provider-imds@^4.3.1":
  version "4.3.2"
  resolved "https://registry.yarnpkg.com/@smithy/credential-provider-imds/-/credential-provider-imds-4.3.2.tgz#8c84d764844f2065962d26a8df930a024d25f0be"
  integrity sha512-iYr9ekBjmZ+FwkiHEopqGscBbl78X62cq3p5Dd0eC+gNd7fybNZFQQdDuOQjTVmFymleuA8YRWZnuXWZ8B3kKA==
  dependencies:
    "@smithy/core" "^3.24.2"
    "@smithy/types" "^4.14.1"
    tslib "^2.6.2"

"@smithy/fetch-http-handler@^5.4.1":
  version "5.4.2"
  resolved "https://registry.yarnpkg.com/@smithy/fetch-http-handler/-/fetch-http-handler-5.4.2.tgz#42a2a02227ad227b2970acb7eef7bceb64994b41"
  integrity sha512-3wF40g8OOCA5BnwQUvwtzZqYBbWWftDjpAlWIUo6Yld3ZzJaMAKqg7MWQBPjE8oLaqvZQUE7tVGlZPsae6A4bQ==
  dependencies:
    "@smithy/core" "^3.24.2"
    "@smithy/types" "^4.14.1"
    tslib "^2.6.2"

"@smithy/is-array-buffer@^2.2.0":
  version "2.2.0"
  resolved "https://registry.yarnpkg.com/@smithy/is-array-buffer/-/is-array-buffer-2.2.0.tgz#f84f0d9f9a36601a9ca9381688bd1b726fd39111"
  integrity sha512-GGP3O9QFD24uGeAXYUjwSTXARoqpZykHadOmA8G5vfJPK0/DC67qa//0qvqrJzL1xc8WQWX7/yc7fwudjPHPhA==
  dependencies:
    tslib "^2.6.2"

"@smithy/node-http-handler@^4.7.1":
  version "4.7.2"
  resolved "https://registry.yarnpkg.com/@smithy/node-http-handler/-/node-http-handler-4.7.2.tgz#94be0d5b2d4cd1398456a889f3ae8af429c33e92"
  integrity sha512-EdksTZ8UXYxGUgQ4mpIKrHoaj9WVGsp66TpZuixLAz1Jex8YDLnS4RH9ktGED5aOpN0OJlEtrsC9IGt76go1eA==
  dependencies:
    "@smithy/core" "^3.24.2"
    "@smithy/types" "^4.14.1"
    tslib "^2.6.2"

"@smithy/signature-v4@^5.4.1":
  version "5.4.2"
  resolved "https://registry.yarnpkg.com/@smithy/signature-v4/-/signature-v4-5.4.2.tgz#54830ba679ec1b5adf06808d37117d9875193f07"
  integrity sha512-1km1OjdLRFuITWpCPofjFqzZ+tbeWuB72ZhcYjbjkCxZ21tTPfIs4GUxRrelMyKMLxLghGD58RENnXorU/O8cw==
  dependencies:
    "@smithy/core" "^3.24.2"
    "@smithy/types" "^4.14.1"
    tslib "^2.6.2"

"@smithy/types@^4.14.1":
  version "4.14.1"
  resolved "https://registry.yarnpkg.com/@smithy/types/-/types-4.14.1.tgz#aba92b4cdb406f2a2b062e82f1e3728d809a7c23"
  integrity sha512-59b5HtSVrVR/eYNei3BUj3DCPKD/G7EtDDe7OEJE7i7FtQFugYo6MxbotS8mVJkLNVf8gYaAlEBwwtJ9HzhWSg==
  dependencies:
    tslib "^2.6.2"

"@smithy/util-buffer-from@^2.2.0":
  version "2.2.0"
  resolved "https://registry.yarnpkg.com/@smithy/util-buffer-from/-/util-buffer-from-2.2.0.tgz#6fc88585165ec73f8681d426d96de5d402021e4b"
  integrity sha512-IJdWBbTcMQ6DA0gdNhh/BwrLkDR+ADW5Kr1aZmd4k3DIF6ezMV4R2NIAmT08wQJ3yUK82thHWmC/TnK/wpMMIA==
  dependencies:
    "@smithy/is-array-buffer" "^2.2.0"
    tslib "^2.6.2"

"@smithy/util-utf8@^2.0.0":
  version "2.3.0"
  resolved "https://registry.yarnpkg.com/@smithy/util-utf8/-/util-utf8-2.3.0.tgz#dd96d7640363259924a214313c3cf16e7dd329c5"
  integrity sha512-R8Rdn8Hy72KKcebgLiv8jQcQkXoLMOGGv5uI1/k0l+snqkOzQ1R0ChUBCxWMlBsFMekWjq0wRudIweFs7sKT5A==
  dependencies:
    "@smithy/util-buffer-from" "^2.2.0"
    tslib "^2.6.2"

bowser@^2.11.0:
  version "2.14.1"
  resolved "https://registry.yarnpkg.com/bowser/-/bowser-2.14.1.tgz#4ea39bf31e305184522d7ad7bfd91389e4f0cb79"
  integrity sha512-tzPjzCxygAKWFOJP011oxFHs57HzIhOEracIgAePE4pqB3LikALKnSzUyU4MGs9/iCEUuHlAJTjTc5M+u7YEGg==

chalk@^5.6.2:
  version "5.6.2"
  resolved "https://registry.yarnpkg.com/chalk/-/chalk-5.6.2.tgz#b1238b6e23ea337af71c7f8a295db5af0c158aea"
  integrity sha512-7NzBL0rN6fMUW+f7A6Io4h40qQlG+xGmtMxfbnH/K7TAtt8JQWVQK+6g0UXKMeVJoyV5EkkNsErQ8pVD3bLHbA==

fast-xml-builder@^1.1.5:
  version "1.2.0"
  resolved "https://registry.yarnpkg.com/fast-xml-builder/-/fast-xml-builder-1.2.0.tgz#abd2363145a7625d9789ad96da375fabe3cff28c"
  integrity sha512-00aAWieqff+ZJhsXA4g1g7M8k+7AYoMUUHF+/zFb5U6Uv/P0Vl4QZo84/IcufzYalLuEj9928bXN9PbbFzMF0Q==
  dependencies:
    path-expression-matcher "^1.5.0"
    xml-naming "^0.1.0"

fast-xml-parser@5.7.2:
  version "5.7.2"
  resolved "https://registry.yarnpkg.com/fast-xml-parser/-/fast-xml-parser-5.7.2.tgz#fecd0b054c6c132fc03dab994a413da781e0eb9f"
  integrity sha512-P7oW7tLbYnhOLQk/Gv7cZgzgMPP/XN03K02/Jy6Y/NHzyIAIpxuZIM/YqAkfiXFPxA2CTm7NtCijK9EDu09u2w==
  dependencies:
    "@nodable/entities" "^2.1.0"
    fast-xml-builder "^1.1.5"
    path-expression-matcher "^1.5.0"
    strnum "^2.2.3"

mime-db@^1.54.0:
  version "1.54.0"
  resolved "https://registry.yarnpkg.com/mime-db/-/mime-db-1.54.0.tgz#cddb3ee4f9c64530dff640236661d42cb6a314f5"
  integrity sha512-aU5EJuIN2WDemCcAp2vFBfp/m4EAhWJnUNSSw0ixs7/kXbd6Pg64EmwJkNdFhB8aWt1sH2CTXrLxo/iAGV3oPQ==

mime-types@^3.0.2:
  version "3.0.2"
  resolved "https://registry.yarnpkg.com/mime-types/-/mime-types-3.0.2.tgz#39002d4182575d5af036ffa118100f2524b2e2ab"
  integrity sha512-Lbgzdk0h4juoQ9fCKXW4by0UJqj+nOOrI9MJ1sSj4nI8aI2eo1qmvQEie4VD1glsS250n15LsWsYtCugiStS5A==
  dependencies:
    mime-db "^1.54.0"

p-limit@^7.3.0:
  version "7.3.0"
  resolved "https://registry.yarnpkg.com/p-limit/-/p-limit-7.3.0.tgz#821398d91491c6b6a1340ecd09cdc402a9c8d0ee"
  integrity sha512-7cIXg/Z0M5WZRblrsOla88S4wAK+zOQQWeBYfV3qJuJXMr+LnbYjaadrFaS0JILfEDPVqHyKnZ1Z/1d6J9VVUw==
  dependencies:
    yocto-queue "^1.2.1"

path-expression-matcher@^1.5.0:
  version "1.5.0"
  resolved "https://registry.yarnpkg.com/path-expression-matcher/-/path-expression-matcher-1.5.0.tgz#3b98545dc88ffebb593e2d8458d0929da9275f4a"
  integrity sha512-cbrerZV+6rvdQrrD+iGMcZFEiiSrbv9Tfdkvnusy6y0x0GKBXREFg/Y65GhIfm0tnLntThhzCnfKwp1WRjeCyQ==

strnum@^2.2.3:
  version "2.3.0"
  resolved "https://registry.yarnpkg.com/strnum/-/strnum-2.3.0.tgz#81bfbfef53db8c3217ea62a98c026886ec4a2761"
  integrity sha512-ums3KNd42PGyx5xaoVTO1mjU1bH3NpY4vsrVlnv9PNGqQj8wd7rJ6nEypLrJ7z5vxK5RP0yMLo6J/Gsm62DI5Q==

tslib@^2.6.2:
  version "2.8.1"
  resolved "https://registry.yarnpkg.com/tslib/-/tslib-2.8.1.tgz#612efe4ed235d567e8aba5f2a5fab70280ade83f"
  integrity sha512-oJFu94HQb+KVduSUQL7wnpmqnfmLsOA/nAh6b6EH0wCEoK0/mPeXU6c3wKDV83MkOuHPRHtSXKKU99IBazS/2w==

xml-naming@^0.1.0:
  version "0.1.0"
  resolved "https://registry.yarnpkg.com/xml-naming/-/xml-naming-0.1.0.tgz#8ab7106c5b8d23caa2fabac1cadf17136379fbd8"
  integrity sha512-k8KO9hrMyNk6tUWqUfkTEZbezRRpONVOzUTnc97VnCvyj6Tf9lyUR9EDAIeiVLv56jsMcoXEwjW8Kv5yPY52lw==

yocto-queue@^1.2.1:
  version "1.2.2"
  resolved "https://registry.yarnpkg.com/yocto-queue/-/yocto-queue-1.2.2.tgz#3e09c95d3f1aa89a58c114c99223edf639152c00"
  integrity sha512-4LCcse/U2MHZ63HAJVE+v71o7yOdIe4cZ70Wpf8D/IyjDKYQLV5GD46B+hSTjJsvV5PztjvHoU580EftxjDZFQ==
